
Microsoft Visual Studio Solution File, Format Version 12.00
# Visual Studio Version 17
VisualStudioVersion = 17.2.32516.85
MinimumVisualStudioVersion = 10.0.40219.1
Project("{FAE04EC0-301F-11D3-BF4B-00C04F79EFBC}") = "hw3-oop", "hw3\hw3-oop.csproj", "{AE88A1D8-212B-4D5D-8316-22599FB48441}"
EndProject
Global
	GlobalSection(SolutionConfigurationPlatforms) = preSolution
		Debug|Any CPU = Debug|Any CPU
		Release|Any CPU = Release|Any CPU
	EndGlobalSection
	GlobalSection(ProjectConfigurationPlatforms) = postSolution
		{AE88A1D8-212B-4D5D-8316-22599FB48441}.Debug|Any CPU.ActiveCfg = Debug|Any CPU
		{AE88A1D8-212B-4D5D-8316-22599FB48441}.Debug|Any CPU.Build.0 = Debug|Any CPU
		{AE88A1D8-212B-4D5D-8316-22599FB48441}.Release|Any CPU.ActiveCfg = Release|Any CPU
		{AE88A1D8-212B-4D5D-8316-22599FB48441}.Release|Any CPU.Build.0 = Release|Any CPU
	EndGlobalSection
	GlobalSection(SolutionProperties) = preSolution
		HideSolutionNode = FALSE
	EndGlobalSection
	GlobalSection(ExtensibilityGlobals) = postSolution
		SolutionGuid = {70E5016E-4A58-48E5-A913-4A1D19A62F53}
	EndGlobalSection
EndGlobal
